{
  "name": "talking_ai",
  "version": "0.0.1",
  "lockfileVersion": 1,
  "requires": true,
  "dependencies": {
    "compromise": {
      "version": "11.14.3",
      "resolved": "https://registry.npmjs.org/compromise/-/compromise-11.14.3.tgz",
      "integrity": "sha512-d+DA2l/M6l/Af9a2xXh3QBVQUqZvwPk2JamaCKJwPxO8VI3HvSeYK1ICAXI72FgXbx12mAkTucauhxol07k0/A==",
      "dev": true,
      "requires": {
        "efrt-unpack": "2.2.0"
      }
    },
    "efrt-unpack": {
      "version": "2.2.0",
      "resolved": "https://registry.npmjs.org/efrt-unpack/-/efrt-unpack-2.2.0.tgz",
      "integrity": "sha512-9xUSSj7qcUxz+0r4X3+bwUNttEfGfK5AH+LVa1aTpqdAfrN5VhROYCfcF+up4hp5OL7IUKcZJJrzAGipQRDoiQ==",
      "dev": true
    },
    "implausible": {
      "version": "2.4.1",
      "resolved": "https://registry.npmjs.org/implausible/-/implausible-2.4.1.tgz",
      "integrity": "sha512-t5oRCdjyYBT5O9zKC3TuFrx13el2AENCgcLgnD5sRayzNwiieSC4WOaV+jKe0itWfSDB7xlIBEr4gjCXFAg70Q==",
      "dev": true,
      "requires": {
        "ramda": "^0.26.1",
        "seedrandom": "^3.0.3"
      }
    },
    "markovian-nlp": {
      "version": "5.0.1",
      "resolved": "https://registry.npmjs.org/markovian-nlp/-/markovian-nlp-5.0.1.tgz",
      "integrity": "sha512-fxAQTIgdvsE7629LmDSvFC0zAqemgWG2cbbtpAM1lVKu3YD9zPxXgdVApQJUiq+XmJTXd+MZU5teSCYY5wSxNg==",
      "dev": true,
      "requires": {
        "compromise": "^11.13.2",
        "implausible": "^2.4.0",
        "ramda": "^0.26.1"
      }
    },
    "ramda": {
      "version": "0.26.1",
      "resolved": "https://registry.npmjs.org/ramda/-/ramda-0.26.1.tgz",
      "integrity": "sha512-hLWjpy7EnsDBb0p+Z3B7rPi3GDeRG5ZtiI33kJhTt+ORCd38AbAIjB/9zRIUoeTbE/AVX5ZkU7m6bznsvrf8eQ==",
      "dev": true
    },
    "seedrandom": {
      "version": "3.0.5",
      "resolved": "https://registry.npmjs.org/seedrandom/-/seedrandom-3.0.5.tgz",
      "integrity": "sha512-8OwmbklUNzwezjGInmZ+2clQmExQPvomqjL7LFqOYqtmuxRgQYqOD3mHaU+MvZn5FLUeVxVfQjwLZW/n/JFuqg==",
      "dev": true
    }
  }
}
